
Microsoft Visual Studio Solution File, Format Version 12.00
# Visual Studio 15
VisualStudioVersion = 15.0.27428.1
MinimumVisualStudioVersion = 10.0.40219.1
Project("{FAE04EC0-301F-11D3-BF4B-00C04F79EFBC}") = "parcial", "parcial\parcial.csproj", "{E1780486-FEB5-4057-92E6-1BC7124E359A}"
EndProject
Global
	GlobalSection(SolutionConfigurationPlatforms) = preSolution
		Debug|Any CPU = Debug|Any CPU
		Release|Any CPU = Release|Any CPU
	EndGlobalSection
	GlobalSection(ProjectConfigurationPlatforms) = postSolution
		{E1780486-FEB5-4057-92E6-1BC7124E359A}.Debug|Any CPU.ActiveCfg = Debug|Any CPU
		{E1780486-FEB5-4057-92E6-1BC7124E359A}.Debug|Any CPU.Build.0 = Debug|Any CPU
		{E1780486-FEB5-4057-92E6-1BC7124E359A}.Release|Any CPU.ActiveCfg = Release|Any CPU
		{E1780486-FEB5-4057-92E6-1BC7124E359A}.Release|Any CPU.Build.0 = Release|Any CPU
	EndGlobalSection
	GlobalSection(SolutionProperties) = preSolution
		HideSolutionNode = FALSE
	EndGlobalSection
	GlobalSection(ExtensibilityGlobals) = postSolution
		SolutionGuid = {B5E38ECE-47BC-421D-86BB-FA8C4DED3DF6}
	EndGlobalSection
EndGlobal
